
Microsoft Visual Studio Solution File, Format Version 12.00
# Visual Studio Version 17
VisualStudioVersion = 17.6.33829.357
MinimumVisualStudioVersion = 10.0.40219.1
Project("{2150E333-8FDC-42A3-9474-1A3956D46DE8}") = "Services", "Services", "{8990AA4F-2729-43B4-A5D1-594E2FAD507A}"
EndProject
Project("{2150E333-8FDC-42A3-9474-1A3956D46DE8}") = "Frontends", "Frontends", "{66D32F99-5A3B-49A4-8F9E-15D751887AE8}"
EndProject
Project("{2150E333-8FDC-42A3-9474-1A3956D46DE8}") = "Basket", "Basket", "{A672DED0-345A-429C-B5BF-4C4946F00FC8}"
EndProject
Project("{2150E333-8FDC-42A3-9474-1A3956D46DE8}") = "Catalog", "Catalog", "{2B022205-9031-4B26-99B8-F3DAB4FFB427}"
EndProject
Project("{2150E333-8FDC-42A3-9474-1A3956D46DE8}") = "Discount", "Discount", "{E46F35BA-5ABF-4055-A287-906167606062}"
EndProject
Project("{2150E333-8FDC-42A3-9474-1A3956D46DE8}") = "Order", "Order", "{8D73BEA9-46FB-404F-A6AB-3BC28BF3E466}"
EndProject
Project("{2150E333-8FDC-42A3-9474-1A3956D46DE8}") = "Payment", "Payment", "{E3BCC755-ECEA-4800-8B12-A39AEEDE84C9}"
EndProject
Project("{2150E333-8FDC-42A3-9474-1A3956D46DE8}") = "Gateways", "Gateways", "{C01648DB-7517-4841-A88C-EA9E18004FD5}"
EndProject
Project("{2150E333-8FDC-42A3-9474-1A3956D46DE8}") = "ToDo", "ToDo", "{CE6F81C7-4520-48FD-9500-4A6666E1C940}"
EndProject
Project("{2150E333-8FDC-42A3-9474-1A3956D46DE8}") = "Cargo", "Cargo", "{39F30894-4ED0-4FB5-A954-186A4F665EF4}"
EndProject
Project("{9A19103F-16F7-4668-BE54-9A1E7A4F7556}") = "CasgemMicroservice.Basket", "Services\Basket\CasgemMicroservice.Basket\CasgemMicroservice.Basket.csproj", "{41A896B6-EA27-4BF2-9E52-97C9AE1529D0}"
EndProject
Project("{9A19103F-16F7-4668-BE54-9A1E7A4F7556}") = "CasgemMicroservice.Cargo", "Services\Cargo\CasgemMicroservice.Catalog\CasgemMicroservice.Cargo.csproj", "{3B28C80C-138A-4797-BDC9-67126E26C3BB}"
EndProject
Project("{9A19103F-16F7-4668-BE54-9A1E7A4F7556}") = "CasgemMicroservice.Discount", "Services\Discount\CasgemMicroservice.Discount\CasgemMicroservice.Discount.csproj", "{84A48A69-5C63-418C-AE53-B097DE2354B2}"
EndProject
Project("{9A19103F-16F7-4668-BE54-9A1E7A4F7556}") = "CasgemMicroservice.Order", "Services\Order\CasgemMicroservice.Order\CasgemMicroservice.Order.csproj", "{80722474-6A60-4506-A0B9-0761C43F8310}"
EndProject
Project("{9A19103F-16F7-4668-BE54-9A1E7A4F7556}") = "CasgemMicroservice.Payment", "Services\Payment\CasgemMicroservice.Payment\CasgemMicroservice.Payment.csproj", "{4418E98B-437F-45A6-AF80-4877F1A4A188}"
EndProject
Project("{9A19103F-16F7-4668-BE54-9A1E7A4F7556}") = "CasgemMicroservice.Catalog", "Services\Catalog\CasgemMicroservice.Catalog\CasgemMicroservice.Catalog.csproj", "{07798A39-27F1-49D3-A5B0-43783EB744B7}"
EndProject
Project("{2150E333-8FDC-42A3-9474-1A3956D46DE8}") = "Shared", "Shared", "{D7C5FA4F-B6BC-4005-A41E-A5367F2151F2}"
EndProject
Project("{9A19103F-16F7-4668-BE54-9A1E7A4F7556}") = "CasgemMicroservice.Shared", "CasgemMicroservice.Shared\CasgemMicroservice.Shared.csproj", "{8ACC320D-AEEE-4447-B925-17884CF2B242}"
EndProject
Project("{2150E333-8FDC-42A3-9474-1A3956D46DE8}") = "IdentityServer", "IdentityServer", "{E6FE79E5-99BB-418D-B2F7-A7960A3A35B8}"
EndProject
Project("{9A19103F-16F7-4668-BE54-9A1E7A4F7556}") = "Casgem_Microservice.Identityserver", "IdentityServer\Casgem_Microservice.Identityserver\Casgem_Microservice.Identityserver.csproj", "{9BFA8179-5485-410A-91CA-7061F98B2168}"
EndProject
Global
	GlobalSection(SolutionConfigurationPlatforms) = preSolution
		Debug|Any CPU = Debug|Any CPU
		Release|Any CPU = Release|Any CPU
	EndGlobalSection
	GlobalSection(ProjectConfigurationPlatforms) = postSolution
		{41A896B6-EA27-4BF2-9E52-97C9AE1529D0}.Debug|Any CPU.ActiveCfg = Debug|Any CPU
		{41A896B6-EA27-4BF2-9E52-97C9AE1529D0}.Debug|Any CPU.Build.0 = Debug|Any CPU
		{41A896B6-EA27-4BF2-9E52-97C9AE1529D0}.Release|Any CPU.ActiveCfg = Release|Any CPU
		{41A896B6-EA27-4BF2-9E52-97C9AE1529D0}.Release|Any CPU.Build.0 = Release|Any CPU
		{3B28C80C-138A-4797-BDC9-67126E26C3BB}.Debug|Any CPU.ActiveCfg = Debug|Any CPU
		{3B28C80C-138A-4797-BDC9-67126E26C3BB}.Debug|Any CPU.Build.0 = Debug|Any CPU
		{3B28C80C-138A-4797-BDC9-67126E26C3BB}.Release|Any CPU.ActiveCfg = Release|Any CPU
		{3B28C80C-138A-4797-BDC9-67126E26C3BB}.Release|Any CPU.Build.0 = Release|Any CPU
		{84A48A69-5C63-418C-AE53-B097DE2354B2}.Debug|Any CPU.ActiveCfg = Debug|Any CPU
		{84A48A69-5C63-418C-AE53-B097DE2354B2}.Debug|Any CPU.Build.0 = Debug|Any CPU
		{84A48A69-5C63-418C-AE53-B097DE2354B2}.Release|Any CPU.ActiveCfg = Release|Any CPU
		{84A48A69-5C63-418C-AE53-B097DE2354B2}.Release|Any CPU.Build.0 = Release|Any CPU
		{80722474-6A60-4506-A0B9-0761C43F8310}.Debug|Any CPU.ActiveCfg = Debug|Any CPU
		{80722474-6A60-4506-A0B9-0761C43F8310}.Debug|Any CPU.Build.0 = Debug|Any CPU
		{80722474-6A60-4506-A0B9-0761C43F8310}.Release|Any CPU.ActiveCfg = Release|Any CPU
		{80722474-6A60-4506-A0B9-0761C43F8310}.Release|Any CPU.Build.0 = Release|Any CPU
		{4418E98B-437F-45A6-AF80-4877F1A4A188}.Debug|Any CPU.ActiveCfg = Debug|Any CPU
		{4418E98B-437F-45A6-AF80-4877F1A4A188}.Debug|Any CPU.Build.0 = Debug|Any CPU
		{4418E98B-437F-45A6-AF80-4877F1A4A188}.Release|Any CPU.ActiveCfg = Release|Any CPU
		{4418E98B-437F-45A6-AF80-4877F1A4A188}.Release|Any CPU.Build.0 = Release|Any CPU
		{07798A39-27F1-49D3-A5B0-43783EB744B7}.Debug|Any CPU.ActiveCfg = Debug|Any CPU
		{07798A39-27F1-49D3-A5B0-43783EB744B7}.Debug|Any CPU.Build.0 = Debug|Any CPU
		{07798A39-27F1-49D3-A5B0-43783EB744B7}.Release|Any CPU.ActiveCfg = Release|Any CPU
		{07798A39-27F1-49D3-A5B0-43783EB744B7}.Release|Any CPU.Build.0 = Release|Any CPU
		{8ACC320D-AEEE-4447-B925-17884CF2B242}.Debug|Any CPU.ActiveCfg = Debug|Any CPU
		{8ACC320D-AEEE-4447-B925-17884CF2B242}.Debug|Any CPU.Build.0 = Debug|Any CPU
		{8ACC320D-AEEE-4447-B925-17884CF2B242}.Release|Any CPU.ActiveCfg = Release|Any CPU
		{8ACC320D-AEEE-4447-B925-17884CF2B242}.Release|Any CPU.Build.0 = Release|Any CPU
		{9BFA8179-5485-410A-91CA-7061F98B2168}.Debug|Any CPU.ActiveCfg = Debug|Any CPU
		{9BFA8179-5485-410A-91CA-7061F98B2168}.Debug|Any CPU.Build.0 = Debug|Any CPU
		{9BFA8179-5485-410A-91CA-7061F98B2168}.Release|Any CPU.ActiveCfg = Release|Any CPU
		{9BFA8179-5485-410A-91CA-7061F98B2168}.Release|Any CPU.Build.0 = Release|Any CPU
	EndGlobalSection
	GlobalSection(SolutionProperties) = preSolution
		HideSolutionNode = FALSE
	EndGlobalSection
	GlobalSection(NestedProjects) = preSolution
		{A672DED0-345A-429C-B5BF-4C4946F00FC8} = {8990AA4F-2729-43B4-A5D1-594E2FAD507A}
		{2B022205-9031-4B26-99B8-F3DAB4FFB427} = {8990AA4F-2729-43B4-A5D1-594E2FAD507A}
		{E46F35BA-5ABF-4055-A287-906167606062} = {8990AA4F-2729-43B4-A5D1-594E2FAD507A}
		{8D73BEA9-46FB-404F-A6AB-3BC28BF3E466} = {8990AA4F-2729-43B4-A5D1-594E2FAD507A}
		{E3BCC755-ECEA-4800-8B12-A39AEEDE84C9} = {8990AA4F-2729-43B4-A5D1-594E2FAD507A}
		{39F30894-4ED0-4FB5-A954-186A4F665EF4} = {8990AA4F-2729-43B4-A5D1-594E2FAD507A}
		{41A896B6-EA27-4BF2-9E52-97C9AE1529D0} = {A672DED0-345A-429C-B5BF-4C4946F00FC8}
		{3B28C80C-138A-4797-BDC9-67126E26C3BB} = {39F30894-4ED0-4FB5-A954-186A4F665EF4}
		{84A48A69-5C63-418C-AE53-B097DE2354B2} = {E46F35BA-5ABF-4055-A287-906167606062}
		{80722474-6A60-4506-A0B9-0761C43F8310} = {8D73BEA9-46FB-404F-A6AB-3BC28BF3E466}
		{4418E98B-437F-45A6-AF80-4877F1A4A188} = {E3BCC755-ECEA-4800-8B12-A39AEEDE84C9}
		{07798A39-27F1-49D3-A5B0-43783EB744B7} = {2B022205-9031-4B26-99B8-F3DAB4FFB427}
		{8ACC320D-AEEE-4447-B925-17884CF2B242} = {D7C5FA4F-B6BC-4005-A41E-A5367F2151F2}
		{9BFA8179-5485-410A-91CA-7061F98B2168} = {E6FE79E5-99BB-418D-B2F7-A7960A3A35B8}
	EndGlobalSection
	GlobalSection(ExtensibilityGlobals) = postSolution
		SolutionGuid = {EBFE52E7-47D0-4B38-81CE-AE2A397C5A98}
	EndGlobalSection
EndGlobal
